
Microsoft Visual Studio Solution File, Format Version 12.00
# Visual Studio Version 16
VisualStudioVersion = 16.0.31129.286
MinimumVisualStudioVersion = 10.0.40219.1
Project("{8BC9CEB8-8B4A-11D0-8D11-00A0C91BC942}") = "tkup", "..\tkup\tkup.vcxproj", "{C4DA0148-2C10-4785-A9B4-F828C4D87E15}"
EndProject
Project("{8BC9CEB8-8B4A-11D0-8D11-00A0C91BC942}") = "grepsdll", "..\grepsdll\grepsdll.vcxproj", "{5E2B3311-5769-44FE-837B-E9EBF5C8930A}"
EndProject
Global
	GlobalSection(SolutionConfigurationPlatforms) = preSolution
		Debug|x64 = Debug|x64
		Debug|x86 = Debug|x86
		Release|x64 = Release|x64
		Release|x86 = Release|x86
	EndGlobalSection
	GlobalSection(ProjectConfigurationPlatforms) = postSolution
		{C4DA0148-2C10-4785-A9B4-F828C4D87E15}.Debug|x64.ActiveCfg = Debug|x64
		{C4DA0148-2C10-4785-A9B4-F828C4D87E15}.Debug|x64.Build.0 = Debug|x64
		{C4DA0148-2C10-4785-A9B4-F828C4D87E15}.Debug|x86.ActiveCfg = Debug|Win32
		{C4DA0148-2C10-4785-A9B4-F828C4D87E15}.Debug|x86.Build.0 = Debug|Win32
		{C4DA0148-2C10-4785-A9B4-F828C4D87E15}.Release|x64.ActiveCfg = Release|x64
		{C4DA0148-2C10-4785-A9B4-F828C4D87E15}.Release|x64.Build.0 = Release|x64
		{C4DA0148-2C10-4785-A9B4-F828C4D87E15}.Release|x86.ActiveCfg = Release|Win32
		{C4DA0148-2C10-4785-A9B4-F828C4D87E15}.Release|x86.Build.0 = Release|Win32
		{5E2B3311-5769-44FE-837B-E9EBF5C8930A}.Debug|x64.ActiveCfg = Debug|x64
		{5E2B3311-5769-44FE-837B-E9EBF5C8930A}.Debug|x64.Build.0 = Debug|x64
		{5E2B3311-5769-44FE-837B-E9EBF5C8930A}.Debug|x86.ActiveCfg = Debug|Win32
		{5E2B3311-5769-44FE-837B-E9EBF5C8930A}.Debug|x86.Build.0 = Debug|Win32
		{5E2B3311-5769-44FE-837B-E9EBF5C8930A}.Release|x64.ActiveCfg = Release|x64
		{5E2B3311-5769-44FE-837B-E9EBF5C8930A}.Release|x64.Build.0 = Release|x64
		{5E2B3311-5769-44FE-837B-E9EBF5C8930A}.Release|x86.ActiveCfg = Release|Win32
		{5E2B3311-5769-44FE-837B-E9EBF5C8930A}.Release|x86.Build.0 = Release|Win32
	EndGlobalSection
	GlobalSection(SolutionProperties) = preSolution
		HideSolutionNode = FALSE
	EndGlobalSection
	GlobalSection(ExtensibilityGlobals) = postSolution
		SolutionGuid = {307E44D8-AEC1-4C74-893C-346726BCF059}
	EndGlobalSection
EndGlobal
